
Microsoft Visual Studio Solution File, Format Version 12.00
# Visual Studio 2012
Project("{9092AA53-FB77-4645-B42D-1CCCA6BD08BD}") = "GameServer", "GameServer.njsproj", "{F678BB3E-C538-4792-BE2B-93F33B6CDA65}"
EndProject
Global
	GlobalSection(SolutionConfigurationPlatforms) = preSolution
		Debug|Any CPU = Debug|Any CPU
		Release|Any CPU = Release|Any CPU
	EndGlobalSection
	GlobalSection(ProjectConfigurationPlatforms) = postSolution
		{F678BB3E-C538-4792-BE2B-93F33B6CDA65}.Debug|Any CPU.ActiveCfg = Debug|Any CPU
		{F678BB3E-C538-4792-BE2B-93F33B6CDA65}.Debug|Any CPU.Build.0 = Debug|Any CPU
		{F678BB3E-C538-4792-BE2B-93F33B6CDA65}.Release|Any CPU.ActiveCfg = Release|Any CPU
		{F678BB3E-C538-4792-BE2B-93F33B6CDA65}.Release|Any CPU.Build.0 = Release|Any CPU
	EndGlobalSection
	GlobalSection(SolutionProperties) = preSolution
		HideSolutionNode = FALSE
	EndGlobalSection
EndGlobal
